
Microsoft Visual Studio Solution File, Format Version 12.00
# Visual Studio Version 16
VisualStudioVersion = 16.0.31605.320
MinimumVisualStudioVersion = 10.0.40219.1
Project("{FAE04EC0-301F-11D3-BF4B-00C04F79EFBC}") = "Ecoffe.Backend", "Ecoffe.Backend\Ecoffe.Backend.csproj", "{DD6BABD6-CF4C-4C3F-8EA7-DB770821679A}"
EndProject
Global
	GlobalSection(SolutionConfigurationPlatforms) = preSolution
		Debug|Any CPU = Debug|Any CPU
		Release|Any CPU = Release|Any CPU
	EndGlobalSection
	GlobalSection(ProjectConfigurationPlatforms) = postSolution
		{DD6BABD6-CF4C-4C3F-8EA7-DB770821679A}.Debug|Any CPU.ActiveCfg = Debug|Any CPU
		{DD6BABD6-CF4C-4C3F-8EA7-DB770821679A}.Debug|Any CPU.Build.0 = Debug|Any CPU
		{DD6BABD6-CF4C-4C3F-8EA7-DB770821679A}.Release|Any CPU.ActiveCfg = Release|Any CPU
		{DD6BABD6-CF4C-4C3F-8EA7-DB770821679A}.Release|Any CPU.Build.0 = Release|Any CPU
	EndGlobalSection
	GlobalSection(SolutionProperties) = preSolution
		HideSolutionNode = FALSE
	EndGlobalSection
	GlobalSection(ExtensibilityGlobals) = postSolution
		SolutionGuid = {CAED00A5-179B-4A00-A9DB-33AF92C69169}
	EndGlobalSection
EndGlobal
